version = 3

[[package]]
name = "review-demo"
version = "0.1.0"
dependencies = ["serde", "thiserror"]

[[package]]
name = "serde"
version = "1.0.210"
source = "registry+https://github.com/rust-lang/crates.io-index"
checksum = "aaaaaaaaaaaaaaaaaaaaaaaaaaaaaaaaaaaaaaaaaaaaaaaaaaaaaaaaaaaaaaaa"

[[package]]
name = "thiserror"
version = "2.0.1"
source = "registry+https://github.com/rust-lang/crates.io-index"
checksum = "bbbbbbbbbbbbbbbbbbbbbbbbbbbbbbbbbbbbbbbbbbbbbbbbbbbbbbbbbbbbbbbb"
