{
  "name": "node-review-demo",
  "lockfileVersion": 3,
  "requires": true,
  "packages": {
    "": { "name": "node-review-demo", "workspaces": ["packages/*"], "dependencies": { "lodash": "^4.17.21", "picocolors": "^1.1.1" } },
    "node_modules/@demo/core": { "resolved": "packages/core", "link": true },
    "node_modules/@demo/ui": { "resolved": "packages/ui", "link": true },
    "node_modules/lodash": { "version": "4.17.21", "resolved": "https://registry.npmjs.org/lodash/-/lodash-4.17.21.tgz" },
    "node_modules/picocolors": { "version": "1.1.1", "resolved": "https://registry.npmjs.org/picocolors/-/picocolors-1.1.1.tgz" },
    "packages/core": { "name": "@demo/core", "version": "1.0.0" },
    "packages/ui": { "name": "@demo/ui", "version": "1.0.0", "dependencies": { "@demo/core": "1.0.0" } }
  }
}
